
Microsoft Visual Studio Solution File, Format Version 12.00
# Visual Studio Version 17
VisualStudioVersion = 17.7.34031.279
MinimumVisualStudioVersion = 10.0.40219.1
Project("{8BC9CEB8-8B4A-11D0-8D11-00A0C91BC942}") = "11월4일_", "11월4일_\11월4일_.vcxproj", "{675ECDE7-F1BB-468C-A602-3DD048A940F3}"
EndProject
Global
	GlobalSection(SolutionConfigurationPlatforms) = preSolution
		Debug|x64 = Debug|x64
		Debug|x86 = Debug|x86
		Release|x64 = Release|x64
		Release|x86 = Release|x86
	EndGlobalSection
	GlobalSection(ProjectConfigurationPlatforms) = postSolution
		{675ECDE7-F1BB-468C-A602-3DD048A940F3}.Debug|x64.ActiveCfg = Debug|x64
		{675ECDE7-F1BB-468C-A602-3DD048A940F3}.Debug|x64.Build.0 = Debug|x64
		{675ECDE7-F1BB-468C-A602-3DD048A940F3}.Debug|x86.ActiveCfg = Debug|Win32
		{675ECDE7-F1BB-468C-A602-3DD048A940F3}.Debug|x86.Build.0 = Debug|Win32
		{675ECDE7-F1BB-468C-A602-3DD048A940F3}.Release|x64.ActiveCfg = Release|x64
		{675ECDE7-F1BB-468C-A602-3DD048A940F3}.Release|x64.Build.0 = Release|x64
		{675ECDE7-F1BB-468C-A602-3DD048A940F3}.Release|x86.ActiveCfg = Release|Win32
		{675ECDE7-F1BB-468C-A602-3DD048A940F3}.Release|x86.Build.0 = Release|Win32
	EndGlobalSection
	GlobalSection(SolutionProperties) = preSolution
		HideSolutionNode = FALSE
	EndGlobalSection
	GlobalSection(ExtensibilityGlobals) = postSolution
		SolutionGuid = {D0673620-25D5-417C-B20D-13FD726D8DC4}
	EndGlobalSection
EndGlobal
